<Solution>
  <Folder Name="/src/">
    <Project Path="src/LibraTray.App/LibraTray.App.csproj" />
    <Project Path="src/LibraTray.Core/LibraTray.Core.csproj" />
  </Folder>
  <Folder Name="/tests/">
    <Project Path="tests/LibraTray.Core.Tests/LibraTray.Core.Tests.csproj" />
    <Project Path="tests/LibraTray.Probe.Tests/LibraTray.Probe.Tests.csproj" />
  </Folder>
  <Folder Name="/tools/">
    <Project Path="tools/LibraTray.MockDevice/LibraTray.MockDevice.csproj" />
    <Project Path="tools/LibraTray.Probe/LibraTray.Probe.csproj" />
  </Folder>
</Solution>
